
Microsoft Visual Studio Solution File, Format Version 12.00
# Visual Studio 15
VisualStudioVersion = 15.0.26124.0
MinimumVisualStudioVersion = 15.0.26124.0
Project("{FAE04EC0-301F-11D3-BF4B-00C04F79EFBC}") = "Ecommerce.Api.Customers", "Ecommerce.Api.Customers\Ecommerce.Api.Customers.csproj", "{53E9D7C4-BD14-410A-B199-4B6CFAE64ABD}"
EndProject
Project("{FAE04EC0-301F-11D3-BF4B-00C04F79EFBC}") = "Ecommerce.Api.Orders", "Ecommerce.Api.Orders\Ecommerce.Api.Orders.csproj", "{A6CA121A-6967-4E5E-A706-F492AF7626CC}"
EndProject
Project("{FAE04EC0-301F-11D3-BF4B-00C04F79EFBC}") = "Ecommerce.Api.Search", "Ecommerce.Api.Search\Ecommerce.Api.Search.csproj", "{EA357ADD-1F63-4688-B90A-0164775CC4A8}"
EndProject
Project("{FAE04EC0-301F-11D3-BF4B-00C04F79EFBC}") = "Ecommerce.Api.Product", "Ecommerce.Api.Product\Ecommerce.Api.Product.csproj", "{C0EF889F-8DF7-4688-959C-DC698C11D87D}"
EndProject
Project("{FAE04EC0-301F-11D3-BF4B-00C04F79EFBC}") = "Ecommerce.Api.Product.Test", "Ecommerce.Api.Product.Test\Ecommerce.Api.Product.Test.csproj", "{0B61F024-5A1F-4C9E-9788-F5BA7A47D339}"
EndProject
Global
	GlobalSection(SolutionProperties) = preSolution
		HideSolutionNode = FALSE
	EndGlobalSection
	GlobalSection(SolutionConfigurationPlatforms) = preSolution
		Debug|Any CPU = Debug|Any CPU
		Debug|x64 = Debug|x64
		Debug|x86 = Debug|x86
		Release|Any CPU = Release|Any CPU
		Release|x64 = Release|x64
		Release|x86 = Release|x86
	EndGlobalSection
	GlobalSection(ProjectConfigurationPlatforms) = postSolution
		{53E9D7C4-BD14-410A-B199-4B6CFAE64ABD}.Debug|Any CPU.ActiveCfg = Debug|Any CPU
		{53E9D7C4-BD14-410A-B199-4B6CFAE64ABD}.Debug|Any CPU.Build.0 = Debug|Any CPU
		{53E9D7C4-BD14-410A-B199-4B6CFAE64ABD}.Debug|x64.ActiveCfg = Debug|Any CPU
		{53E9D7C4-BD14-410A-B199-4B6CFAE64ABD}.Debug|x64.Build.0 = Debug|Any CPU
		{53E9D7C4-BD14-410A-B199-4B6CFAE64ABD}.Debug|x86.ActiveCfg = Debug|Any CPU
		{53E9D7C4-BD14-410A-B199-4B6CFAE64ABD}.Debug|x86.Build.0 = Debug|Any CPU
		{53E9D7C4-BD14-410A-B199-4B6CFAE64ABD}.Release|Any CPU.ActiveCfg = Release|Any CPU
		{53E9D7C4-BD14-410A-B199-4B6CFAE64ABD}.Release|Any CPU.Build.0 = Release|Any CPU
		{53E9D7C4-BD14-410A-B199-4B6CFAE64ABD}.Release|x64.ActiveCfg = Release|Any CPU
		{53E9D7C4-BD14-410A-B199-4B6CFAE64ABD}.Release|x64.Build.0 = Release|Any CPU
		{53E9D7C4-BD14-410A-B199-4B6CFAE64ABD}.Release|x86.ActiveCfg = Release|Any CPU
		{53E9D7C4-BD14-410A-B199-4B6CFAE64ABD}.Release|x86.Build.0 = Release|Any CPU
		{A6CA121A-6967-4E5E-A706-F492AF7626CC}.Debug|Any CPU.ActiveCfg = Debug|Any CPU
		{A6CA121A-6967-4E5E-A706-F492AF7626CC}.Debug|Any CPU.Build.0 = Debug|Any CPU
		{A6CA121A-6967-4E5E-A706-F492AF7626CC}.Debug|x64.ActiveCfg = Debug|Any CPU
		{A6CA121A-6967-4E5E-A706-F492AF7626CC}.Debug|x64.Build.0 = Debug|Any CPU
		{A6CA121A-6967-4E5E-A706-F492AF7626CC}.Debug|x86.ActiveCfg = Debug|Any CPU
		{A6CA121A-6967-4E5E-A706-F492AF7626CC}.Debug|x86.Build.0 = Debug|Any CPU
		{A6CA121A-6967-4E5E-A706-F492AF7626CC}.Release|Any CPU.ActiveCfg = Release|Any CPU
		{A6CA121A-6967-4E5E-A706-F492AF7626CC}.Release|Any CPU.Build.0 = Release|Any CPU
		{A6CA121A-6967-4E5E-A706-F492AF7626CC}.Release|x64.ActiveCfg = Release|Any CPU
		{A6CA121A-6967-4E5E-A706-F492AF7626CC}.Release|x64.Build.0 = Release|Any CPU
		{A6CA121A-6967-4E5E-A706-F492AF7626CC}.Release|x86.ActiveCfg = Release|Any CPU
		{A6CA121A-6967-4E5E-A706-F492AF7626CC}.Release|x86.Build.0 = Release|Any CPU
		{EA357ADD-1F63-4688-B90A-0164775CC4A8}.Debug|Any CPU.ActiveCfg = Debug|Any CPU
		{EA357ADD-1F63-4688-B90A-0164775CC4A8}.Debug|Any CPU.Build.0 = Debug|Any CPU
		{EA357ADD-1F63-4688-B90A-0164775CC4A8}.Debug|x64.ActiveCfg = Debug|Any CPU
		{EA357ADD-1F63-4688-B90A-0164775CC4A8}.Debug|x64.Build.0 = Debug|Any CPU
		{EA357ADD-1F63-4688-B90A-0164775CC4A8}.Debug|x86.ActiveCfg = Debug|Any CPU
		{EA357ADD-1F63-4688-B90A-0164775CC4A8}.Debug|x86.Build.0 = Debug|Any CPU
		{EA357ADD-1F63-4688-B90A-0164775CC4A8}.Release|Any CPU.ActiveCfg = Release|Any CPU
		{EA357ADD-1F63-4688-B90A-0164775CC4A8}.Release|Any CPU.Build.0 = Release|Any CPU
		{EA357ADD-1F63-4688-B90A-0164775CC4A8}.Release|x64.ActiveCfg = Release|Any CPU
		{EA357ADD-1F63-4688-B90A-0164775CC4A8}.Release|x64.Build.0 = Release|Any CPU
		{EA357ADD-1F63-4688-B90A-0164775CC4A8}.Release|x86.ActiveCfg = Release|Any CPU
		{EA357ADD-1F63-4688-B90A-0164775CC4A8}.Release|x86.Build.0 = Release|Any CPU
		{C0EF889F-8DF7-4688-959C-DC698C11D87D}.Debug|Any CPU.ActiveCfg = Debug|Any CPU
		{C0EF889F-8DF7-4688-959C-DC698C11D87D}.Debug|Any CPU.Build.0 = Debug|Any CPU
		{C0EF889F-8DF7-4688-959C-DC698C11D87D}.Debug|x64.ActiveCfg = Debug|Any CPU
		{C0EF889F-8DF7-4688-959C-DC698C11D87D}.Debug|x64.Build.0 = Debug|Any CPU
		{C0EF889F-8DF7-4688-959C-DC698C11D87D}.Debug|x86.ActiveCfg = Debug|Any CPU
		{C0EF889F-8DF7-4688-959C-DC698C11D87D}.Debug|x86.Build.0 = Debug|Any CPU
		{C0EF889F-8DF7-4688-959C-DC698C11D87D}.Release|Any CPU.ActiveCfg = Release|Any CPU
		{C0EF889F-8DF7-4688-959C-DC698C11D87D}.Release|Any CPU.Build.0 = Release|Any CPU
		{C0EF889F-8DF7-4688-959C-DC698C11D87D}.Release|x64.ActiveCfg = Release|Any CPU
		{C0EF889F-8DF7-4688-959C-DC698C11D87D}.Release|x64.Build.0 = Release|Any CPU
		{C0EF889F-8DF7-4688-959C-DC698C11D87D}.Release|x86.ActiveCfg = Release|Any CPU
		{C0EF889F-8DF7-4688-959C-DC698C11D87D}.Release|x86.Build.0 = Release|Any CPU
		{0B61F024-5A1F-4C9E-9788-F5BA7A47D339}.Debug|Any CPU.ActiveCfg = Debug|Any CPU
		{0B61F024-5A1F-4C9E-9788-F5BA7A47D339}.Debug|Any CPU.Build.0 = Debug|Any CPU
		{0B61F024-5A1F-4C9E-9788-F5BA7A47D339}.Debug|x64.ActiveCfg = Debug|Any CPU
		{0B61F024-5A1F-4C9E-9788-F5BA7A47D339}.Debug|x64.Build.0 = Debug|Any CPU
		{0B61F024-5A1F-4C9E-9788-F5BA7A47D339}.Debug|x86.ActiveCfg = Debug|Any CPU
		{0B61F024-5A1F-4C9E-9788-F5BA7A47D339}.Debug|x86.Build.0 = Debug|Any CPU
		{0B61F024-5A1F-4C9E-9788-F5BA7A47D339}.Release|Any CPU.ActiveCfg = Release|Any CPU
		{0B61F024-5A1F-4C9E-9788-F5BA7A47D339}.Release|Any CPU.Build.0 = Release|Any CPU
		{0B61F024-5A1F-4C9E-9788-F5BA7A47D339}.Release|x64.ActiveCfg = Release|Any CPU
		{0B61F024-5A1F-4C9E-9788-F5BA7A47D339}.Release|x64.Build.0 = Release|Any CPU
		{0B61F024-5A1F-4C9E-9788-F5BA7A47D339}.Release|x86.ActiveCfg = Release|Any CPU
		{0B61F024-5A1F-4C9E-9788-F5BA7A47D339}.Release|x86.Build.0 = Release|Any CPU
	EndGlobalSection
EndGlobal
